
Microsoft Visual Studio Solution File, Format Version 12.00
# Visual Studio Version 17
VisualStudioVersion = 17.5.002.0
MinimumVisualStudioVersion = 10.0.40219.1
Project("{9A19103F-16F7-4668-BE54-9A1E7A4F7556}") = "HairSalon", "HairSalon.csproj", "{D72D3012-5A72-493C-991A-56BE45D4A256}"
EndProject
Global
	GlobalSection(SolutionConfigurationPlatforms) = preSolution
		Debug|Any CPU = Debug|Any CPU
		Release|Any CPU = Release|Any CPU
	EndGlobalSection
	GlobalSection(ProjectConfigurationPlatforms) = postSolution
		{D72D3012-5A72-493C-991A-56BE45D4A256}.Debug|Any CPU.ActiveCfg = Debug|Any CPU
		{D72D3012-5A72-493C-991A-56BE45D4A256}.Debug|Any CPU.Build.0 = Debug|Any CPU
		{D72D3012-5A72-493C-991A-56BE45D4A256}.Release|Any CPU.ActiveCfg = Release|Any CPU
		{D72D3012-5A72-493C-991A-56BE45D4A256}.Release|Any CPU.Build.0 = Release|Any CPU
	EndGlobalSection
	GlobalSection(SolutionProperties) = preSolution
		HideSolutionNode = FALSE
	EndGlobalSection
	GlobalSection(ExtensibilityGlobals) = postSolution
		SolutionGuid = {AD813125-0860-4B31-9AA9-BF22EFBE78B1}
	EndGlobalSection
EndGlobal
